{
  "name": "template-node",
  "version": "1.0.0",
  "lockfileVersion": 2,
  "requires": true,
  "packages": {
    "": {
      "name": "template-node",
      "version": "1.0.0",
      "dependencies": {
        "post": "^0.0.1"
      }
    },
    "node_modules/event-component": {
      "version": "0.1.0",
      "resolved": "https://registry.npmjs.org/event-component/-/event-component-0.1.0.tgz",
      "integrity": "sha512-nDko83zL1Sfl4gbYJAsFnyla0Ok+llczIyZ9X+lkCIm5yW/hggS9gbYPxhZW1JD8K5VKaFmgeIZvnGE/DQnh2w=="
    },
    "node_modules/post": {
      "version": "0.0.1",
      "resolved": "https://registry.npmjs.org/post/-/post-0.0.1.tgz",
      "integrity": "sha512-mVZ2rOOYMZpME3yEDXuEfLzHHDTzHUeWLEFQEmdRSfctKsd4fh1EXqFrp3orS2E3b9e546W57XJ6/emW9VfRxQ==",
      "dependencies": {
        "event-component": "0.1.0"
      }
    }
  },
  "dependencies": {
    "event-component": {
      "version": "0.1.0",
      "resolved": "https://registry.npmjs.org/event-component/-/event-component-0.1.0.tgz",
      "integrity": "sha512-nDko83zL1Sfl4gbYJAsFnyla0Ok+llczIyZ9X+lkCIm5yW/hggS9gbYPxhZW1JD8K5VKaFmgeIZvnGE/DQnh2w=="
    },
    "post": {
      "version": "0.0.1",
      "resolved": "https://registry.npmjs.org/post/-/post-0.0.1.tgz",
      "integrity": "sha512-mVZ2rOOYMZpME3yEDXuEfLzHHDTzHUeWLEFQEmdRSfctKsd4fh1EXqFrp3orS2E3b9e546W57XJ6/emW9VfRxQ==",
      "requires": {
        "event-component": "0.1.0"
      }
    }
  }
}
